{
  "name": "FitCrafter",
  "lockfileVersion": 3,
  "requires": true,
  "packages": {
    "": {
      "dependencies": {
        "ors": "^1.0.0"
      }
    },
    "node_modules/ors": {
      "version": "1.0.0",
      "resolved": "https://registry.npmjs.org/ors/-/ors-1.0.0.tgz",
      "integrity": "sha512-lGUry1F94mJlyubNsRXyYpYY9J1q9nexZdM401QegilWCdOJXoRrWhrHrE4MiytqlTSm+kbRHUbmLeq+nTJ9pg==",
      "license": "ISC"
    }
  }
}
